// !$*UTF8*$!
{
	archiveVersion = 1;
	classes = {
	};
	objectVersion = 46;
	objects = {

/* Begin PBXBuildFile section */
		B729A1EF1984C3DB00E2C574 /* AppDelegate.swift in Sources */ = {isa = PBXBuildFile; fileRef = B729A1EE1984C3DB00E2C574 /* AppDelegate.swift */; };
		B729A1F11984C3DB00E2C574 /* ViewController.swift in Sources */ = {isa = PBXBuildFile; fileRef = B729A1F01984C3DB00E2C574 /* ViewController.swift */; };
		B729A1F41984C3DB00E2C574 /* Main.storyboard in Resources */ = {isa = PBXBuildFile; fileRef = B729A1F21984C3DB00E2C574 /* Main.storyboard */; };
		B729A1F61984C3DB00E2C574 /* Images.xcassets in Resources */ = {isa = PBXBuildFile; fileRef = B729A1F51984C3DB00E2C574 /* Images.xcassets */; };
		B729A2021984C3DB00E2C574 /* MatchismoTests.swift in Sources */ = {isa = PBXBuildFile; fileRef = B729A2011984C3DB00E2C574 /* MatchismoTests.swift */; };
/* End PBXBuildFile section */

/* Begin PBXContainerItemProxy section */
		B729A1FC1984C3DB00E2C574 /* PBXContainerItemProxy */ = {
			isa = PBXContainerItemProxy;
			containerPortal = B729A1E11984C3DB00E2C574 /* Project object */;
			proxyType = 1;
			remoteGlobalIDString = B729A1E81984C3DB00E2C574;
			remoteInfo = Matchismo;
		};
/* End PBXContainerItemProxy section */

/* Begin PBXFileReference section */
		B729A1E91984C3DB00E2C574 /* Matchismo.app */ = {isa = PBXFileReference; explicitFileType = wrapper.application; includeInIndex = 0; path = Matchismo.app; sourceTree = BUILT_PRODUCTS_DIR; };
		B729A1ED1984C3DB00E2C574 /* Info.plist */ = {isa = PBXFileReference; lastKnownFileType = text.plist.xml; path = Info.plist; sourceTree = "<group>"; };
		B729A1EE1984C3DB00E2C574 /* AppDelegate.swift */ = {isa = PBXFileReference; lastKnownFileType = sourcecode.swift; path = AppDelegate.swift; sourceTree = "<group>"; };
		B729A1F01984C3DB00E2C574 /* ViewController.swift */ = {isa = PBXFileReference; lastKnownFileType = sourcecode.swift; path = ViewController.swift; sourceTree = "<group>"; };
		B729A1F31984C3DB00E2C574 /* Base */ = {isa = PBXFileReference; lastKnownFileType = file.storyboard; name = Base; path = Base.lproj/Main.storyboard; sourceTree = "<group>"; };
		B729A1F51984C3DB00E2C574 /* Images.xcassets */ = {isa = PBXFileReference; lastKnownFileType = folder.assetcatalog; path = Images.xcassets; sourceTree = "<group>"; };
		B729A1FB1984C3DB00E2C574 /* MatchismoTests.xctest */ = {isa = PBXFileReference; explicitFileType = wrapper.cfbundle; includeInIndex = 0; path = MatchismoTests.xctest; sourceTree = BUILT_PRODUCTS_DIR; };
		B729A2001984C3DB00E2C574 /* Info.plist */ = {isa = PBXFileReference; lastKnownFileType = text.plist.xml; path = Info.plist; sourceTree = "<group>"; };
		B729A2011984C3DB00E2C574 /* MatchismoTests.swift */ = {isa = PBXFileReference; lastKnownFileType = sourcecode.swift; path = MatchismoTests.swift; sourceTree = "<group>"; };
/* End PBXFileReference section */

/* Begin PBXFrameworksBuildPhase section */
		B729A1E61984C3DB00E2C574 /* Frameworks */ = {
			isa = PBXFrameworksBuildPhase;
			buildActionMask = 2147483647;
			files = (
			);
			runOnlyForDeploymentPostprocessing = 0;
		};
		B729A1F81984C3DB00E2C574 /* Frameworks */ = {
			isa = PBXFrameworksBuildPhase;
			buildActionMask = 2147483647;
			files = (
			);
			runOnlyForDeploymentPostprocessing = 0;
		};
/* End PBXFrameworksBuildPhase section */

/* Begin PBXGroup section */
		B729A1E01984C3DB00E2C574 = {
			isa = PBXGroup;
			children = (
				B729A1EB1984C3DB00E2C574 /* Matchismo */,
				B729A1FE1984C3DB00E2C574 /* MatchismoTests */,
				B729A1EA1984C3DB00E2C574 /* Products */,
			);
			sourceTree = "<group>";
		};
		B729A1EA1984C3DB00E2C574 /* Products */ = {
			isa = PBXGroup;
			children = (
				B729A1E91984C3DB00E2C574 /* Matchismo.app */,
				B729A1FB1984C3DB00E2C574 /* MatchismoTests.xctest */,
			);
			name = Products;
			sourceTree = "<group>";
		};
		B729A1EB1984C3DB00E2C574 /* Matchismo */ = {
			isa = PBXGroup;
			children = (
				B729A1EE1984C3DB00E2C574 /* AppDelegate.swift */,
				B729A1F01984C3DB00E2C574 /* ViewController.swift */,
				B729A1F21984C3DB00E2C574 /* Main.storyboard */,
				B729A1F51984C3DB00E2C574 /* Images.xcassets */,
				B729A1EC1984C3DB00E2C574 /* Supporting Files */,
			);
			path = Matchismo;
			sourceTree = "<group>";
		};
		B729A1EC1984C3DB00E2C574 /* Supporting Files */ = {
			isa = PBXGroup;
			children = (
				B729A1ED1984C3DB00E2C574 /* Info.plist */,
			);
			name = "Supporting Files";
			sourceTree = "<group>";
		};
		B729A1FE1984C3DB00E2C574 /* MatchismoTests */ = {
			isa = PBXGroup;
			children = (
				B729A2011984C3DB00E2C574 /* MatchismoTests.swift */,
				B729A1FF1984C3DB00E2C574 /* Supporting Files */,
			);
			path = MatchismoTests;
			sourceTree = "<group>";
		};
		B729A1FF1984C3DB00E2C574 /* Supporting Files */ = {
			isa = PBXGroup;
			children = (
				B729A2001984C3DB00E2C574 /* Info.plist */,
			);
			name = "Supporting Files";
			sourceTree = "<group>";
		};
/* End PBXGroup section */

/* Begin PBXNativeTarget section */
		B729A1E81984C3DB00E2C574 /* Matchismo */ = {
			isa = PBXNativeTarget;
			buildConfigurationList = B729A2051984C3DB00E2C574 /* Build configuration list for PBXNativeTarget "Matchismo" */;
			buildPhases = (
				B729A1E51984C3DB00E2C574 /* Sources */,
				B729A1E61984C3DB00E2C574 /* Frameworks */,
				B729A1E71984C3DB00E2C574 /* Resources */,
			);
			buildRules = (
			);
			dependencies = (
			);
			name = Matchismo;
			productName = Matchismo;
			productReference = B729A1E91984C3DB00E2C574 /* Matchismo.app */;
			productType = "com.apple.product-type.application";
		};
		B729A1FA1984C3DB00E2C574 /* MatchismoTests */ = {
			isa = PBXNativeTarget;
			buildConfigurationList = B729A2081984C3DB00E2C574 /* Build configuration list for PBXNativeTarget "MatchismoTests" */;
			buildPhases = (
				B729A1F71984C3DB00E2C574 /* Sources */,
				B729A1F81984C3DB00E2C574 /* Frameworks */,
				B729A1F91984C3DB00E2C574 /* Resources */,
			);
			buildRules = (
			);
			dependencies = (
				B729A1FD1984C3DB00E2C574 /* PBXTargetDependency */,
			);
			name = MatchismoTests;
			productName = MatchismoTests;
			productReference = B729A1FB1984C3DB00E2C574 /* MatchismoTests.xctest */;
			productType = "com.apple.product-type.bundle.unit-test";
		};
/* End PBXNativeTarget section */

/* Begin PBXProject section */
		B729A1E11984C3DB00E2C574 /* Project object */ = {
			isa = PBXProject;
			attributes = {
				LastUpgradeCheck = 0600;
				ORGANIZATIONNAME = "Omer Wazir";
				TargetAttributes = {
					B729A1E81984C3DB00E2C574 = {
						CreatedOnToolsVersion = 6.0;
					};
					B729A1FA1984C3DB00E2C574 = {
						CreatedOnToolsVersion = 6.0;
						TestTargetID = B729A1E81984C3DB00E2C574;
					};
				};
			};
			buildConfigurationList = B729A1E41984C3DB00E2C574 /* Build configuration list for PBXProject "Matchismo" */;
			compatibilityVersion = "Xcode 3.2";
			developmentRegion = English;
			hasScannedForEncodings = 0;
			knownRegions = (
				en,
				Base,
			);
			mainGroup = B729A1E01984C3DB00E2C574;
			productRefGroup = B729A1EA1984C3DB00E2C574 /* Products */;
			projectDirPath = "";
			projectRoot = "";
			targets = (
				B729A1E81984C3DB00E2C574 /* Matchismo */,
				B729A1FA1984C3DB00E2C574 /* MatchismoTests */,
			);
		};
/* End PBXProject section */

/* Begin PBXResourcesBuildPhase section */
		B729A1E71984C3DB00E2C574 /* Resources */ = {
			isa = PBXResourcesBuildPhase;
			buildActionMask = 2147483647;
			files = (
				B729A1F41984C3DB00E2C574 /* Main.storyboard in Resources */,
				B729A1F61984C3DB00E2C574 /* Images.xcassets in Resources */,
			);
			runOnlyForDeploymentPostprocessing = 0;
		};
		B729A1F91984C3DB00E2C574 /* Resources */ = {
			isa = PBXResourcesBuildPhase;
			buildActionMask = 2147483647;
			files = (
			);
			runOnlyForDeploymentPostprocessing = 0;
		};
/* End PBXResourcesBuildPhase section */

/* Begin PBXSourcesBuildPhase section */
		B729A1E51984C3DB00E2C574 /* Sources */ = {
			isa = PBXSourcesBuildPhase;
			buildActionMask = 2147483647;
			files = (
				B729A1F11984C3DB00E2C574 /* ViewController.swift in Sources */,
				B729A1EF1984C3DB00E2C574 /* AppDelegate.swift in Sources */,
			);
			runOnlyForDeploymentPostprocessing = 0;
		};
		B729A1F71984C3DB00E2C574 /* Sources */ = {
			isa = PBXSourcesBuildPhase;
			buildActionMask = 2147483647;
			files = (
				B729A2021984C3DB00E2C574 /* MatchismoTests.swift in Sources */,
			);
			runOnlyForDeploymentPostprocessing = 0;
		};
/* End PBXSourcesBuildPhase section */

/* Begin PBXTargetDependency section */
		B729A1FD1984C3DB00E2C574 /* PBXTargetDependency */ = {
			isa = PBXTargetDependency;
			target = B729A1E81984C3DB00E2C574 /* Matchismo */;
			targetProxy = B729A1FC1984C3DB00E2C574 /* PBXContainerItemProxy */;
		};
/* End PBXTargetDependency section */

/* Begin PBXVariantGroup section */
		B729A1F21984C3DB00E2C574 /* Main.storyboard */ = {
			isa = PBXVariantGroup;
			children = (
				B729A1F31984C3DB00E2C574 /* Base */,
			);
			name = Main.storyboard;
			sourceTree = "<group>";
		};
/* End PBXVariantGroup section */

/* Begin XCBuildConfiguration section */
		B729A2031984C3DB00E2C574 /* Debug */ = {
			isa = XCBuildConfiguration;
			buildSettings = {
				ALWAYS_SEARCH_USER_PATHS = NO;
				CLANG_CXX_LANGUAGE_STANDARD = "gnu++0x";
				CLANG_CXX_LIBRARY = "libc++";
				CLANG_ENABLE_MODULES = YES;
				CLANG_ENABLE_OBJC_ARC = YES;
				CLANG_WARN_BOOL_CONVERSION = YES;
				CLANG_WARN_CONSTANT_CONVERSION = YES;
				CLANG_WARN_DIRECT_OBJC_ISA_USAGE = YES_ERROR;
				CLANG_WARN_EMPTY_BODY = YES;
				CLANG_WARN_ENUM_CONVERSION = YES;
				CLANG_WARN_INT_CONVERSION = YES;
				CLANG_WARN_OBJC_ROOT_CLASS = YES_ERROR;
				CLANG_WARN_UNREACHABLE_CODE = YES;
				CLANG_WARN__DUPLICATE_METHOD_MATCH = YES;
				"CODE_SIGN_IDENTITY[sdk=iphoneos*]" = "iPhone Developer";
				COPY_PHASE_STRIP = NO;
				ENABLE_STRICT_OBJC_MSGSEND = YES;
				GCC_C_LANGUAGE_STANDARD = gnu99;
				GCC_DYNAMIC_NO_PIC = NO;
				GCC_OPTIMIZATION_LEVEL = 0;
				GCC_PREPROCESSOR_DEFINITIONS = (
					"DEBUG=1",
					"$(inherited)",
				);
				GCC_SYMBOLS_PRIVATE_EXTERN = NO;
				GCC_WARN_64_TO_32_BIT_CONVERSION = YES;
				GCC_WARN_ABOUT_RETURN_TYPE = YES_ERROR;
				GCC_WARN_UNDECLARED_SELECTOR = YES;
				GCC_WARN_UNINITIALIZED_AUTOS = YES_AGGRESSIVE;
				GCC_WARN_UNUSED_FUNCTION = YES;
				GCC_WARN_UNUSED_VARIABLE = YES;
				IPHONEOS_DEPLOYMENT_TARGET = 8.0;
				MTL_ENABLE_DEBUG_INFO = YES;
				ONLY_ACTIVE_ARCH = YES;
				SDKROOT = iphoneos;
				SWIFT_OPTIMIZATION_LEVEL = "-Onone";
			};
			name = Debug;
		};
		B729A2041984C3DB00E2C574 /* Release */ = {
			isa = XCBuildConfiguration;
			buildSettings = {
				ALWAYS_SEARCH_USER_PATHS = NO;
				CLANG_CXX_LANGUAGE_STANDARD = "gnu++0x";
				CLANG_CXX_LIBRARY = "libc++";
				CLANG_ENABLE_MODULES = YES;
				CLANG_ENABLE_OBJC_ARC = YES;
				CLANG_WARN_BOOL_CONVERSION = YES;
				CLANG_WARN_CONSTANT_CONVERSION = YES;
				CLANG_WARN_DIRECT_OBJC_ISA_USAGE = YES_ERROR;
				CLANG_WARN_EMPTY_BODY = YES;
				CLANG_WARN_ENUM_CONVERSION = YES;
				CLANG_WARN_INT_CONVERSION = YES;
				CLANG_WARN_OBJC_ROOT_CLASS = YES_ERROR;
				CLANG_WARN_UNREACHABLE_CODE = YES;
				CLANG_WARN__DUPLICATE_METHOD_MATCH = YES;
				"CODE_SIGN_IDENTITY[sdk=iphoneos*]" = "iPhone Developer";
				COPY_PHASE_STRIP = YES;
				ENABLE_NS_ASSERTIONS = NO;
				ENABLE_STRICT_OBJC_MSGSEND = YES;
				GCC_C_LANGUAGE_STANDARD = gnu99;
				GCC_WARN_64_TO_32_BIT_CONVERSION = YES;
				GCC_WARN_ABOUT_RETURN_TYPE = YES_ERROR;
				GCC_WARN_UNDECLARED_SELECTOR = YES;
				GCC_WARN_UNINITIALIZED_AUTOS = YES_AGGRESSIVE;
				GCC_WARN_UNUSED_FUNCTION = YES;
				GCC_WARN_UNUSED_VARIABLE = YES;
				IPHONEOS_DEPLOYMENT_TARGET = 8.0;
				MTL_ENABLE_DEBUG_INFO = NO;
				SDKROOT = iphoneos;
				VALIDATE_PRODUCT = YES;
			};
			name = Release;
		};
		B729A2061984C3DB00E2C574 /* Debug */ = {
			isa = XCBuildConfiguration;
			buildSettings = {
				ASSETCATALOG_COMPILER_APPICON_NAME = AppIcon;
				ASSETCATALOG_COMPILER_LAUNCHIMAGE_NAME = LaunchImage;
				INFOPLIST_FILE = Matchismo/Info.plist;
				LD_RUNPATH_SEARCH_PATHS = "$(inherited) @executable_path/Frameworks";
				PRODUCT_NAME = "$(TARGET_NAME)";
			};
			name = Debug;
		};
		B729A2071984C3DB00E2C574 /* Release */ = {
			isa = XCBuildConfiguration;
			buildSettings = {
				ASSETCATALOG_COMPILER_APPICON_NAME = AppIcon;
				ASSETCATALOG_COMPILER_LAUNCHIMAGE_NAME = LaunchImage;
				INFOPLIST_FILE = Matchismo/Info.plist;
				LD_RUNPATH_SEARCH_PATHS = "$(inherited) @executable_path/Frameworks";
				PRODUCT_NAME = "$(TARGET_NAME)";
			};
			name = Release;
		};
		B729A2091984C3DB00E2C574 /* Debug */ = {
			isa = XCBuildConfiguration;
			buildSettings = {
				BUNDLE_LOADER = "$(BUILT_PRODUCTS_DIR)/Matchismo.app/Matchismo";
				FRAMEWORK_SEARCH_PATHS = (
					"$(SDKROOT)/Developer/Library/Frameworks",
					"$(inherited)",
				);
				GCC_PREPROCESSOR_DEFINITIONS = (
					"DEBUG=1",
					"$(inherited)",
				);
				INFOPLIST_FILE = MatchismoTests/Info.plist;
				LD_RUNPATH_SEARCH_PATHS = "$(inherited) @executable_path/Frameworks @loader_path/Frameworks";
				PRODUCT_NAME = "$(TARGET_NAME)";
				TEST_HOST = "$(BUNDLE_LOADER)";
			};
			name = Debug;
		};
		B729A20A1984C3DB00E2C574 /* Release */ = {
			isa = XCBuildConfiguration;
			buildSettings = {
				BUNDLE_LOADER = "$(BUILT_PRODUCTS_DIR)/Matchismo.app/Matchismo";
				FRAMEWORK_SEARCH_PATHS = (
					"$(SDKROOT)/Developer/Library/Frameworks",
					"$(inherited)",
				);
				INFOPLIST_FILE = MatchismoTests/Info.plist;
				LD_RUNPATH_SEARCH_PATHS = "$(inherited) @executable_path/Frameworks @loader_path/Frameworks";
				PRODUCT_NAME = "$(TARGET_NAME)";
				TEST_HOST = "$(BUNDLE_LOADER)";
			};
			name = Release;
		};
/* End XCBuildConfiguration section */

/* Begin XCConfigurationList section */
		B729A1E41984C3DB00E2C574 /* Build configuration list for PBXProject "Matchismo" */ = {
			isa = XCConfigurationList;
			buildConfigurations = (
				B729A2031984C3DB00E2C574 /* Debug */,
				B729A2041984C3DB00E2C574 /* Release */,
			);
			defaultConfigurationIsVisible = 0;
			defaultConfigurationName = Release;
		};
		B729A2051984C3DB00E2C574 /* Build configuration list for PBXNativeTarget "Matchismo" */ = {
			isa = XCConfigurationList;
			buildConfigurations = (
				B729A2061984C3DB00E2C574 /* Debug */,
				B729A2071984C3DB00E2C574 /* Release */,
			);
			defaultConfigurationIsVisible = 0;
		};
		B729A2081984C3DB00E2C574 /* Build configuration list for PBXNativeTarget "MatchismoTests" */ = {
			isa = XCConfigurationList;
			buildConfigurations = (
				B729A2091984C3DB00E2C574 /* Debug */,
				B729A20A1984C3DB00E2C574 /* Release */,
			);
			defaultConfigurationIsVisible = 0;
		};
/* End XCConfigurationList section */
	};
	rootObject = B729A1E11984C3DB00E2C574 /* Project object */;
}
